
Microsoft Visual Studio Solution File, Format Version 12.00
# Visual Studio Version 16
VisualStudioVersion = 16.0.30907.101
MinimumVisualStudioVersion = 10.0.40219.1
Project("{FAE04EC0-301F-11D3-BF4B-00C04F79EFBC}") = "Multiple_of_3", "Multiple_of_3.csproj", "{9388B069-C8C6-42A6-8423-6DC255BD615F}"
EndProject
Global
	GlobalSection(SolutionConfigurationPlatforms) = preSolution
		Debug|Any CPU = Debug|Any CPU
		Release|Any CPU = Release|Any CPU
	EndGlobalSection
	GlobalSection(ProjectConfigurationPlatforms) = postSolution
		{9388B069-C8C6-42A6-8423-6DC255BD615F}.Debug|Any CPU.ActiveCfg = Debug|Any CPU
		{9388B069-C8C6-42A6-8423-6DC255BD615F}.Debug|Any CPU.Build.0 = Debug|Any CPU
		{9388B069-C8C6-42A6-8423-6DC255BD615F}.Release|Any CPU.ActiveCfg = Release|Any CPU
		{9388B069-C8C6-42A6-8423-6DC255BD615F}.Release|Any CPU.Build.0 = Release|Any CPU
	EndGlobalSection
	GlobalSection(SolutionProperties) = preSolution
		HideSolutionNode = FALSE
	EndGlobalSection
	GlobalSection(ExtensibilityGlobals) = postSolution
		SolutionGuid = {4BB43E01-2C75-424D-BB18-51B5ACA82064}
	EndGlobalSection
EndGlobal
